
Microsoft Visual Studio Solution File, Format Version 12.00
Project("{FAE04EC0-301F-11D3-BF4B-00C04F79EFBC}") = "BitFinance.Domain", "src\BitFinance.Domain\BitFinance.Domain.csproj", "{C3B5C918-3104-4F89-ACAB-7E90DB2EBF6F}"
EndProject
Project("{FAE04EC0-301F-11D3-BF4B-00C04F79EFBC}") = "BitFinance.Infrastructure", "src\BitFinance.Infrastructure\BitFinance.Infrastructure.csproj", "{2B8ABF7A-BF20-49A8-90FF-20BD76673C2E}"
EndProject
Project("{FAE04EC0-301F-11D3-BF4B-00C04F79EFBC}") = "BitFinance.API", "src\BitFinance.API\BitFinance.API.csproj", "{1E020C26-2D18-4BD1-BFA8-F6EA43474315}"
EndProject
Global
	GlobalSection(SolutionConfigurationPlatforms) = preSolution
		Debug|Any CPU = Debug|Any CPU
		Release|Any CPU = Release|Any CPU
	EndGlobalSection
	GlobalSection(ProjectConfigurationPlatforms) = postSolution
		{C3B5C918-3104-4F89-ACAB-7E90DB2EBF6F}.Debug|Any CPU.ActiveCfg = Debug|Any CPU
		{C3B5C918-3104-4F89-ACAB-7E90DB2EBF6F}.Debug|Any CPU.Build.0 = Debug|Any CPU
		{C3B5C918-3104-4F89-ACAB-7E90DB2EBF6F}.Release|Any CPU.ActiveCfg = Release|Any CPU
		{C3B5C918-3104-4F89-ACAB-7E90DB2EBF6F}.Release|Any CPU.Build.0 = Release|Any CPU
		{2B8ABF7A-BF20-49A8-90FF-20BD76673C2E}.Debug|Any CPU.ActiveCfg = Debug|Any CPU
		{2B8ABF7A-BF20-49A8-90FF-20BD76673C2E}.Debug|Any CPU.Build.0 = Debug|Any CPU
		{2B8ABF7A-BF20-49A8-90FF-20BD76673C2E}.Release|Any CPU.ActiveCfg = Release|Any CPU
		{2B8ABF7A-BF20-49A8-90FF-20BD76673C2E}.Release|Any CPU.Build.0 = Release|Any CPU
		{1E020C26-2D18-4BD1-BFA8-F6EA43474315}.Debug|Any CPU.ActiveCfg = Debug|Any CPU
		{1E020C26-2D18-4BD1-BFA8-F6EA43474315}.Debug|Any CPU.Build.0 = Debug|Any CPU
		{1E020C26-2D18-4BD1-BFA8-F6EA43474315}.Release|Any CPU.ActiveCfg = Release|Any CPU
		{1E020C26-2D18-4BD1-BFA8-F6EA43474315}.Release|Any CPU.Build.0 = Release|Any CPU
	EndGlobalSection
EndGlobal
